
Microsoft Visual Studio Solution File, Format Version 12.00
# Visual Studio Version 17
VisualStudioVersion = 17.3.32804.467
MinimumVisualStudioVersion = 10.0.40219.1
Project("{FAE04EC0-301F-11D3-BF4B-00C04F79EFBC}") = "Apricat", "Apricat.csproj", "{C42E72EB-6A78-443B-9D6B-9E015FBE98BA}"
EndProject
Global
	GlobalSection(SolutionConfigurationPlatforms) = preSolution
		Debug|Any CPU = Debug|Any CPU
		Release|Any CPU = Release|Any CPU
	EndGlobalSection
	GlobalSection(ProjectConfigurationPlatforms) = postSolution
		{C42E72EB-6A78-443B-9D6B-9E015FBE98BA}.Debug|Any CPU.ActiveCfg = Debug|Any CPU
		{C42E72EB-6A78-443B-9D6B-9E015FBE98BA}.Debug|Any CPU.Build.0 = Debug|Any CPU
		{C42E72EB-6A78-443B-9D6B-9E015FBE98BA}.Release|Any CPU.ActiveCfg = Release|Any CPU
		{C42E72EB-6A78-443B-9D6B-9E015FBE98BA}.Release|Any CPU.Build.0 = Release|Any CPU
	EndGlobalSection
	GlobalSection(SolutionProperties) = preSolution
		HideSolutionNode = FALSE
	EndGlobalSection
	GlobalSection(ExtensibilityGlobals) = postSolution
		SolutionGuid = {46660E32-05E0-49A9-9249-A67158026A18}
	EndGlobalSection
EndGlobal
